# THIS IS AN AUTOGENERATED FILE. DO NOT EDIT THIS FILE DIRECTLY.
# yarn lockfile v1


dom7@^3.0.0-alpha.7:
  version "3.0.0-alpha.9"
  resolved "https://registry.yarnpkg.com/dom7/-/dom7-3.0.0-alpha.9.tgz#0110c21181b8bad3a1ee72443e04d3c2e3f1d38f"
  integrity sha512-wTxPe1vJqLAy2PzAROh/n1PsRF/ZklAJyRIn9shm2dAQjP4JhjsgDKQ1YTbuzf1KVlqOlqYPmwupQExcB9jOUg==
  dependencies:
    ssr-window "^3.0.0-alpha.1"

ssr-window@^3.0.0-alpha.1, ssr-window@^3.0.0-alpha.4:
  version "3.0.0-alpha.4"
  resolved "https://registry.yarnpkg.com/ssr-window/-/ssr-window-3.0.0-alpha.4.tgz#0c69a18c4305ecccdd8e11596155ca07b635f345"
  integrity sha512-+dBRP/pZ+VyITxTzD0lMDzDwN/BmfUl8xi2e6t5Nz4+FqUphfcBLB1OOUSYCRNFB25rD3c8AJRYpY5rHTbL+kg==

swiper@^6.3.4:
  version "6.3.4"
  resolved "https://registry.yarnpkg.com/swiper/-/swiper-6.3.4.tgz#94bebb39437825d303afd19d9f28927fa943e5f2"
  integrity sha512-6XWBJCAjOTQd3yVVZO9y47B007QPeiCcn/pm9OkueVLpYNWZBAXpoX0P8JaGch/bzcaH3oXteWCj5KC8R3AloA==
  dependencies:
    dom7 "^3.0.0-alpha.7"
    ssr-window "^3.0.0-alpha.4"
